{
<<<<<<< HEAD
  "originHash" : "913f43572e0968bddb413765ca68e0dcfb5e831f3441726517696604d73d3074",
=======
  "originHash" : "cdf86253b185ab3c50696f9821ff9e571c089eeb433f9ba0ea8829bce9b06544",
>>>>>>> 7f43f48 (feat(tabbar): preserve selected tab on account type change)
  "pins" : [
    {
      "identity" : "sdwebimage",
      "kind" : "remoteSourceControl",
      "location" : "https://github.com/SDWebImage/SDWebImage.git",
      "state" : {
        "revision" : "2053b120767c42a70bcba21095f34e4cfb54a75d",
        "version" : "5.21.3"
      }
    },
    {
      "identity" : "snapkit",
      "kind" : "remoteSourceControl",
      "location" : "https://github.com/SnapKit/SnapKit",
      "state" : {
        "revision" : "2842e6e84e82eb9a8dac0100ca90d9444b0307f4",
        "version" : "5.7.1"
      }
    }
  ],
  "version" : 3
}
